
Microsoft Visual Studio Solution File, Format Version 12.00
# Visual Studio Version 16
VisualStudioVersion = 16.0.29418.71
MinimumVisualStudioVersion = 10.0.40219.1
Project("{F184B08F-C81C-45F6-A57F-5ABD9991F28F}") = "Parameters", "Parameters\Parameters.vbproj", "{F30D97DD-0BA8-4F84-8FD4-1F21E4E6DAC6}"
EndProject
Global
	GlobalSection(SolutionConfigurationPlatforms) = preSolution
		Debug|Any CPU = Debug|Any CPU
		Release|Any CPU = Release|Any CPU
	EndGlobalSection
	GlobalSection(ProjectConfigurationPlatforms) = postSolution
		{F30D97DD-0BA8-4F84-8FD4-1F21E4E6DAC6}.Debug|Any CPU.ActiveCfg = Debug|Any CPU
		{F30D97DD-0BA8-4F84-8FD4-1F21E4E6DAC6}.Debug|Any CPU.Build.0 = Debug|Any CPU
		{F30D97DD-0BA8-4F84-8FD4-1F21E4E6DAC6}.Release|Any CPU.ActiveCfg = Release|Any CPU
		{F30D97DD-0BA8-4F84-8FD4-1F21E4E6DAC6}.Release|Any CPU.Build.0 = Release|Any CPU
	EndGlobalSection
	GlobalSection(SolutionProperties) = preSolution
		HideSolutionNode = FALSE
	EndGlobalSection
	GlobalSection(ExtensibilityGlobals) = postSolution
		SolutionGuid = {E683FC25-4718-4C37-8B94-D105931B41DE}
	EndGlobalSection
EndGlobal
